dependencies:
- name: postgresql
  repository: https://charts.bitnami.com/bitnami
  version: 18.8.12
- name: openfga
  repository: https://openfga.github.io/helm-charts
  version: 0.3.12
digest: sha256:c1537ad63687b779b31831deda31afa42e9aa87f944453f744cf0a42d6e17ea0
generated: "2026-08-21T09:45:08.288024697+02:00"
